# This file was autogenerated by Stack.
# You should not edit this file by hand.
# For more information, please see the documentation at:
#   https://docs.haskellstack.org/en/stable/topics/lock_files

packages:
- completed:
    commit: 2b12cc9d8c80e2e47824605d487781db3264e4d8
    git: https://github.com/Lamagraph/graph-rewriting.git
    name: graph-rewriting
    pantry-tree:
      sha256: 286c01307f9dd876d6defc11fa1ab16276677cf48a6f50dcfccff9cc1f756bca
      size: 1141
    subdir: base
    version: 0.8.0
  original:
    commit: 2b12cc9d8c80e2e47824605d487781db3264e4d8
    git: https://github.com/Lamagraph/graph-rewriting.git
    subdir: base
- completed:
    commit: 2b12cc9d8c80e2e47824605d487781db3264e4d8
    git: https://github.com/Lamagraph/graph-rewriting.git
    name: graph-rewriting-lib
    pantry-tree:
      sha256: 02ebd14f4e325d6d52fe523d8c7fcef59d9e5fbc96d607435fbe6b6e8c8dac43
      size: 343
    subdir: lib
    version: 0.7.9
  original:
    commit: 2b12cc9d8c80e2e47824605d487781db3264e4d8
    git: https://github.com/Lamagraph/graph-rewriting.git
    subdir: lib
- completed:
    commit: 2b12cc9d8c80e2e47824605d487781db3264e4d8
    git: https://github.com/Lamagraph/graph-rewriting.git
    name: graph-rewriting-strategies
    pantry-tree:
      sha256: 0866e9e54e1ed72494b9ce30684fdf54cee4acc30b3672c2b1336fa2237bfb5a
      size: 379
    subdir: strategies
    version: 0.2.9
  original:
    commit: 2b12cc9d8c80e2e47824605d487781db3264e4d8
    git: https://github.com/Lamagraph/graph-rewriting.git
    subdir: strategies
- completed:
    commit: 2b12cc9d8c80e2e47824605d487781db3264e4d8
    git: https://github.com/Lamagraph/graph-rewriting.git
    name: graph-rewriting-ski
    pantry-tree:
      sha256: cf452c25f61c7ec190df2ec17faca687e8d12a1eda25be9193576f7a906b64ea
      size: 4675
    subdir: ski
    version: 0.6.8
  original:
    commit: 2b12cc9d8c80e2e47824605d487781db3264e4d8
    git: https://github.com/Lamagraph/graph-rewriting.git
    subdir: ski
- completed:
    commit: 2b12cc9d8c80e2e47824605d487781db3264e4d8
    git: https://github.com/Lamagraph/graph-rewriting.git
    name: graph-rewriting-layout
    pantry-tree:
      sha256: 0c9428fd4540e10c7765720333da41d1160d9be188232a468be78cea2c2044fd
      size: 952
    subdir: layout
    version: 0.5.8
  original:
    commit: 2b12cc9d8c80e2e47824605d487781db3264e4d8
    git: https://github.com/Lamagraph/graph-rewriting.git
    subdir: layout
- completed:
    commit: 2b12cc9d8c80e2e47824605d487781db3264e4d8
    git: https://github.com/Lamagraph/graph-rewriting.git
    name: graph-rewriting-gl
    pantry-tree:
      sha256: fa12e4cf20dc9f0c187dbc9d637d4e7f9e5dd700033cf5408c99d9fb2ac7db92
      size: 611
    subdir: gl
    version: 0.7.9
  original:
    commit: 2b12cc9d8c80e2e47824605d487781db3264e4d8
    git: https://github.com/Lamagraph/graph-rewriting.git
    subdir: gl
- completed:
    hackage: AC-Vector-2.4.0@sha256:e9b03da163208a948f47d294cfd9f496108d060a73c8a9d1f0ec9c9429d7f67d,1237
    pantry-tree:
      sha256: 2bef6641223aafbdca6e75eec4534b09edeb7edf40184e87438e099270d4e701
      size: 1038
  original:
    hackage: AC-Vector-2.4.0@sha256:e9b03da163208a948f47d294cfd9f496108d060a73c8a9d1f0ec9c9429d7f67d,1237
snapshots:
- completed:
    sha256: d133abe75e408a407cce3f032c96ac1bbadf474a93b5156ebf4135b53382d56b
    size: 683827
    url: https://raw.githubusercontent.com/commercialhaskell/stackage-snapshots/master/lts/23/18.yaml
  original: lts-23.18
